
Microsoft Visual Studio Solution File, Format Version 12.00
# Visual Studio 15
VisualStudioVersion = 15.0.27004.2009
MinimumVisualStudioVersion = 10.0.40219.1
Project("{FAE04EC0-301F-11D3-BF4B-00C04F79EFBC}") = "DiceSimulator", "DiceSimulator\DiceSimulator.csproj", "{EAD363A0-B591-459C-A6F9-CC91961A5D90}"
EndProject
Global
	GlobalSection(SolutionConfigurationPlatforms) = preSolution
		Debug|Any CPU = Debug|Any CPU
		Release|Any CPU = Release|Any CPU
	EndGlobalSection
	GlobalSection(ProjectConfigurationPlatforms) = postSolution
		{EAD363A0-B591-459C-A6F9-CC91961A5D90}.Debug|Any CPU.ActiveCfg = Debug|Any CPU
		{EAD363A0-B591-459C-A6F9-CC91961A5D90}.Debug|Any CPU.Build.0 = Debug|Any CPU
		{EAD363A0-B591-459C-A6F9-CC91961A5D90}.Release|Any CPU.ActiveCfg = Release|Any CPU
		{EAD363A0-B591-459C-A6F9-CC91961A5D90}.Release|Any CPU.Build.0 = Release|Any CPU
	EndGlobalSection
	GlobalSection(SolutionProperties) = preSolution
		HideSolutionNode = FALSE
	EndGlobalSection
	GlobalSection(ExtensibilityGlobals) = postSolution
		SolutionGuid = {CF80683E-E09E-4A1A-BE2A-2700E7E618CD}
	EndGlobalSection
EndGlobal
